
Microsoft Visual Studio Solution File, Format Version 12.00
# Visual Studio Version 16
VisualStudioVersion = 16.0.32630.194
MinimumVisualStudioVersion = 10.0.40219.1
Project("{FAE04EC0-301F-11D3-BF4B-00C04F79EFBC}") = "LS.API.FLM", "LS.API.FLM.csproj", "{C1E80A12-C170-4847-8211-B2B954AC9C63}"
EndProject
Global
	GlobalSection(SolutionConfigurationPlatforms) = preSolution
		Debug|Any CPU = Debug|Any CPU
		Release|Any CPU = Release|Any CPU
	EndGlobalSection
	GlobalSection(ProjectConfigurationPlatforms) = postSolution
		{C1E80A12-C170-4847-8211-B2B954AC9C63}.Debug|Any CPU.ActiveCfg = Debug|Any CPU
		{C1E80A12-C170-4847-8211-B2B954AC9C63}.Debug|Any CPU.Build.0 = Debug|Any CPU
		{C1E80A12-C170-4847-8211-B2B954AC9C63}.Release|Any CPU.ActiveCfg = Release|Any CPU
		{C1E80A12-C170-4847-8211-B2B954AC9C63}.Release|Any CPU.Build.0 = Release|Any CPU
	EndGlobalSection
	GlobalSection(SolutionProperties) = preSolution
		HideSolutionNode = FALSE
	EndGlobalSection
	GlobalSection(ExtensibilityGlobals) = postSolution
		SolutionGuid = {B6BB1C43-456D-435F-8883-159CAA083E8E}
	EndGlobalSection
EndGlobal
